
Microsoft Visual Studio Solution File, Format Version 11.00
# Visual C++ Express 2010
Project("{8BC9CEB8-8B4A-11D0-8D11-00A0C91BC942}") = "app", "app.vcxproj", "{B2132217-CA36-4F04-8026-5FBE316914A2}"
EndProject
Project("{8BC9CEB8-8B4A-11D0-8D11-00A0C91BC942}") = "tests", "tests\tests.vcxproj", "{BFE3F1E9-D500-46B7-ABF4-1BD261CA27C4}"
EndProject
Global
	GlobalSection(SolutionConfigurationPlatforms) = preSolution
		Debug|Win32 = Debug|Win32
		Release|Win32 = Release|Win32
	EndGlobalSection
	GlobalSection(ProjectConfigurationPlatforms) = postSolution
		{B2132217-CA36-4F04-8026-5FBE316914A2}.Debug|Win32.ActiveCfg = Debug|Win32
		{B2132217-CA36-4F04-8026-5FBE316914A2}.Debug|Win32.Build.0 = Debug|Win32
		{B2132217-CA36-4F04-8026-5FBE316914A2}.Release|Win32.ActiveCfg = Release|Win32
		{B2132217-CA36-4F04-8026-5FBE316914A2}.Release|Win32.Build.0 = Release|Win32
		{BFE3F1E9-D500-46B7-ABF4-1BD261CA27C4}.Debug|Win32.ActiveCfg = Debug|Win32
		{BFE3F1E9-D500-46B7-ABF4-1BD261CA27C4}.Debug|Win32.Build.0 = Debug|Win32
		{BFE3F1E9-D500-46B7-ABF4-1BD261CA27C4}.Release|Win32.ActiveCfg = Release|Win32
		{BFE3F1E9-D500-46B7-ABF4-1BD261CA27C4}.Release|Win32.Build.0 = Release|Win32
	EndGlobalSection
	GlobalSection(SolutionProperties) = preSolution
		HideSolutionNode = FALSE
	EndGlobalSection
EndGlobal
